
Microsoft Visual Studio Solution File, Format Version 12.00
# Visual Studio 2013
VisualStudioVersion = 12.0.21005.1
MinimumVisualStudioVersion = 10.0.40219.1
Project("{8BC9CEB8-8B4A-11D0-8D11-00A0C91BC942}") = "3", "3\3.vcxproj", "{938988C2-C0D2-4F04-B05E-8E95C8EEAF2E}"
EndProject
Project("{8BC9CEB8-8B4A-11D0-8D11-00A0C91BC942}") = "4", "4\4.vcxproj", "{A6E244C9-DDC9-4947-9FF4-ABC1E7BB133A}"
EndProject
Project("{8BC9CEB8-8B4A-11D0-8D11-00A0C91BC942}") = "5", "5\5.vcxproj", "{73D989CA-CFAA-4BCD-9C8B-EEF558C0B332}"
EndProject
Project("{8BC9CEB8-8B4A-11D0-8D11-00A0C91BC942}") = "6", "6\6.vcxproj", "{21537724-0E93-4C70-8FC8-B0EBD869ADA3}"
EndProject
Project("{8BC9CEB8-8B4A-11D0-8D11-00A0C91BC942}") = "7", "7\7.vcxproj", "{85EE12C9-556F-4457-A909-2D5F28F7A265}"
EndProject
Project("{8BC9CEB8-8B4A-11D0-8D11-00A0C91BC942}") = "8", "8\8.vcxproj", "{1A11AE2F-24C4-458D-A60B-9A3906D427FF}"
EndProject
Project("{8BC9CEB8-8B4A-11D0-8D11-00A0C91BC942}") = "9", "9\9.vcxproj", "{4E32DB6A-0995-4763-85C8-DD22049FD938}"
EndProject
Project("{8BC9CEB8-8B4A-11D0-8D11-00A0C91BC942}") = "10", "10\10.vcxproj", "{F9049226-BF61-4B91-8FBC-609598D98BBD}"
EndProject
Project("{8BC9CEB8-8B4A-11D0-8D11-00A0C91BC942}") = "11", "11\11.vcxproj", "{5CA6FD27-C65C-4E14-908F-DC38CAF9C33A}"
EndProject
Project("{8BC9CEB8-8B4A-11D0-8D11-00A0C91BC942}") = "13", "13\13.vcxproj", "{D9C9558B-9576-443D-AF8A-CB35071EC341}"
EndProject
Project("{8BC9CEB8-8B4A-11D0-8D11-00A0C91BC942}") = "15", "15\15.vcxproj", "{7E8BC338-CBD2-46FC-A93D-2619A3A18162}"
EndProject
Project("{8BC9CEB8-8B4A-11D0-8D11-00A0C91BC942}") = "16", "16\16.vcxproj", "{0D1F1CEB-002A-44B5-926E-05AD802F58A3}"
EndProject
Project("{8BC9CEB8-8B4A-11D0-8D11-00A0C91BC942}") = "12", "12\12.vcxproj", "{EC792B80-9B01-4290-8A1C-6A0776DF6C6D}"
EndProject
Project("{8BC9CEB8-8B4A-11D0-8D11-00A0C91BC942}") = "14", "14\14.vcxproj", "{057AB969-F318-4E0B-8324-8BEBF543EA59}"
EndProject
Project("{8BC9CEB8-8B4A-11D0-8D11-00A0C91BC942}") = "17", "17\17.vcxproj", "{584E94A5-F531-45AE-9BC3-4BBCFF566F16}"
EndProject
Project("{8BC9CEB8-8B4A-11D0-8D11-00A0C91BC942}") = "18", "18\18.vcxproj", "{39346552-0E0A-423D-B36D-4FD1CE90ACD0}"
EndProject
Project("{8BC9CEB8-8B4A-11D0-8D11-00A0C91BC942}") = "20", "20\20.vcxproj", "{EB007618-F010-4400-A489-81EB1DF2C347}"
EndProject
Project("{8BC9CEB8-8B4A-11D0-8D11-00A0C91BC942}") = "19", "19\19.vcxproj", "{B2E1F3C5-F57E-4611-87E0-4F6AD2096DF4}"
EndProject
Project("{8BC9CEB8-8B4A-11D0-8D11-00A0C91BC942}") = "21", "21\21.vcxproj", "{E7BDCB55-D248-4783-ADCC-6CB8D1B87F42}"
EndProject
Project("{8BC9CEB8-8B4A-11D0-8D11-00A0C91BC942}") = "22", "22\22.vcxproj", "{7C68ECBB-B2DD-4406-8230-8CC461D17F46}"
EndProject
Project("{8BC9CEB8-8B4A-11D0-8D11-00A0C91BC942}") = "23", "23\23.vcxproj", "{4926C809-27FE-4536-94D2-0F360A1BA7F6}"
EndProject
Project("{8BC9CEB8-8B4A-11D0-8D11-00A0C91BC942}") = "24", "24\24.vcxproj", "{725B5864-8C1F-46D5-A855-180BB00310C1}"
EndProject
Project("{8BC9CEB8-8B4A-11D0-8D11-00A0C91BC942}") = "25", "25\25.vcxproj", "{563249CE-3FE7-4C53-970A-DB47A0C4E5CF}"
EndProject
Project("{8BC9CEB8-8B4A-11D0-8D11-00A0C91BC942}") = "27", "27\27.vcxproj", "{BEE4AE55-A15A-462E-AB08-42B72E8D7F02}"
EndProject
Global
	GlobalSection(SolutionConfigurationPlatforms) = preSolution
		Debug|Win32 = Debug|Win32
		Release|Win32 = Release|Win32
	EndGlobalSection
	GlobalSection(ProjectConfigurationPlatforms) = postSolution
		{938988C2-C0D2-4F04-B05E-8E95C8EEAF2E}.Debug|Win32.ActiveCfg = Debug|Win32
		{938988C2-C0D2-4F04-B05E-8E95C8EEAF2E}.Debug|Win32.Build.0 = Debug|Win32
		{938988C2-C0D2-4F04-B05E-8E95C8EEAF2E}.Release|Win32.ActiveCfg = Release|Win32
		{938988C2-C0D2-4F04-B05E-8E95C8EEAF2E}.Release|Win32.Build.0 = Release|Win32
		{A6E244C9-DDC9-4947-9FF4-ABC1E7BB133A}.Debug|Win32.ActiveCfg = Debug|Win32
		{A6E244C9-DDC9-4947-9FF4-ABC1E7BB133A}.Debug|Win32.Build.0 = Debug|Win32
		{A6E244C9-DDC9-4947-9FF4-ABC1E7BB133A}.Release|Win32.ActiveCfg = Release|Win32
		{A6E244C9-DDC9-4947-9FF4-ABC1E7BB133A}.Release|Win32.Build.0 = Release|Win32
		{73D989CA-CFAA-4BCD-9C8B-EEF558C0B332}.Debug|Win32.ActiveCfg = Debug|Win32
		{73D989CA-CFAA-4BCD-9C8B-EEF558C0B332}.Debug|Win32.Build.0 = Debug|Win32
		{73D989CA-CFAA-4BCD-9C8B-EEF558C0B332}.Release|Win32.ActiveCfg = Release|Win32
		{73D989CA-CFAA-4BCD-9C8B-EEF558C0B332}.Release|Win32.Build.0 = Release|Win32
		{21537724-0E93-4C70-8FC8-B0EBD869ADA3}.Debug|Win32.ActiveCfg = Debug|Win32
		{21537724-0E93-4C70-8FC8-B0EBD869ADA3}.Debug|Win32.Build.0 = Debug|Win32
		{21537724-0E93-4C70-8FC8-B0EBD869ADA3}.Release|Win32.ActiveCfg = Release|Win32
		{21537724-0E93-4C70-8FC8-B0EBD869ADA3}.Release|Win32.Build.0 = Release|Win32
		{85EE12C9-556F-4457-A909-2D5F28F7A265}.Debug|Win32.ActiveCfg = Debug|Win32
		{85EE12C9-556F-4457-A909-2D5F28F7A265}.Debug|Win32.Build.0 = Debug|Win32
		{85EE12C9-556F-4457-A909-2D5F28F7A265}.Release|Win32.ActiveCfg = Release|Win32
		{85EE12C9-556F-4457-A909-2D5F28F7A265}.Release|Win32.Build.0 = Release|Win32
		{1A11AE2F-24C4-458D-A60B-9A3906D427FF}.Debug|Win32.ActiveCfg = Debug|Win32
		{1A11AE2F-24C4-458D-A60B-9A3906D427FF}.Debug|Win32.Build.0 = Debug|Win32
		{1A11AE2F-24C4-458D-A60B-9A3906D427FF}.Release|Win32.ActiveCfg = Release|Win32
		{1A11AE2F-24C4-458D-A60B-9A3906D427FF}.Release|Win32.Build.0 = Release|Win32
		{4E32DB6A-0995-4763-85C8-DD22049FD938}.Debug|Win32.ActiveCfg = Debug|Win32
		{4E32DB6A-0995-4763-85C8-DD22049FD938}.Debug|Win32.Build.0 = Debug|Win32
		{4E32DB6A-0995-4763-85C8-DD22049FD938}.Release|Win32.ActiveCfg = Release|Win32
		{4E32DB6A-0995-4763-85C8-DD22049FD938}.Release|Win32.Build.0 = Release|Win32
		{F9049226-BF61-4B91-8FBC-609598D98BBD}.Debug|Win32.ActiveCfg = Debug|Win32
		{F9049226-BF61-4B91-8FBC-609598D98BBD}.Debug|Win32.Build.0 = Debug|Win32
		{F9049226-BF61-4B91-8FBC-609598D98BBD}.Release|Win32.ActiveCfg = Release|Win32
		{F9049226-BF61-4B91-8FBC-609598D98BBD}.Release|Win32.Build.0 = Release|Win32
		{5CA6FD27-C65C-4E14-908F-DC38CAF9C33A}.Debug|Win32.ActiveCfg = Debug|Win32
		{5CA6FD27-C65C-4E14-908F-DC38CAF9C33A}.Debug|Win32.Build.0 = Debug|Win32
		{5CA6FD27-C65C-4E14-908F-DC38CAF9C33A}.Release|Win32.ActiveCfg = Release|Win32
		{5CA6FD27-C65C-4E14-908F-DC38CAF9C33A}.Release|Win32.Build.0 = Release|Win32
		{D9C9558B-9576-443D-AF8A-CB35071EC341}.Debug|Win32.ActiveCfg = Debug|Win32
		{D9C9558B-9576-443D-AF8A-CB35071EC341}.Debug|Win32.Build.0 = Debug|Win32
		{D9C9558B-9576-443D-AF8A-CB35071EC341}.Release|Win32.ActiveCfg = Release|Win32
		{D9C9558B-9576-443D-AF8A-CB35071EC341}.Release|Win32.Build.0 = Release|Win32
		{7E8BC338-CBD2-46FC-A93D-2619A3A18162}.Debug|Win32.ActiveCfg = Debug|Win32
		{7E8BC338-CBD2-46FC-A93D-2619A3A18162}.Debug|Win32.Build.0 = Debug|Win32
		{7E8BC338-CBD2-46FC-A93D-2619A3A18162}.Release|Win32.ActiveCfg = Release|Win32
		{7E8BC338-CBD2-46FC-A93D-2619A3A18162}.Release|Win32.Build.0 = Release|Win32
		{0D1F1CEB-002A-44B5-926E-05AD802F58A3}.Debug|Win32.ActiveCfg = Debug|Win32
		{0D1F1CEB-002A-44B5-926E-05AD802F58A3}.Debug|Win32.Build.0 = Debug|Win32
		{0D1F1CEB-002A-44B5-926E-05AD802F58A3}.Release|Win32.ActiveCfg = Release|Win32
		{0D1F1CEB-002A-44B5-926E-05AD802F58A3}.Release|Win32.Build.0 = Release|Win32
		{EC792B80-9B01-4290-8A1C-6A0776DF6C6D}.Debug|Win32.ActiveCfg = Debug|Win32
		{EC792B80-9B01-4290-8A1C-6A0776DF6C6D}.Debug|Win32.Build.0 = Debug|Win32
		{EC792B80-9B01-4290-8A1C-6A0776DF6C6D}.Release|Win32.ActiveCfg = Release|Win32
		{EC792B80-9B01-4290-8A1C-6A0776DF6C6D}.Release|Win32.Build.0 = Release|Win32
		{057AB969-F318-4E0B-8324-8BEBF543EA59}.Debug|Win32.ActiveCfg = Debug|Win32
		{057AB969-F318-4E0B-8324-8BEBF543EA59}.Debug|Win32.Build.0 = Debug|Win32
		{057AB969-F318-4E0B-8324-8BEBF543EA59}.Release|Win32.ActiveCfg = Release|Win32
		{057AB969-F318-4E0B-8324-8BEBF543EA59}.Release|Win32.Build.0 = Release|Win32
		{584E94A5-F531-45AE-9BC3-4BBCFF566F16}.Debug|Win32.ActiveCfg = Debug|Win32
		{584E94A5-F531-45AE-9BC3-4BBCFF566F16}.Debug|Win32.Build.0 = Debug|Win32
		{584E94A5-F531-45AE-9BC3-4BBCFF566F16}.Release|Win32.ActiveCfg = Release|Win32
		{584E94A5-F531-45AE-9BC3-4BBCFF566F16}.Release|Win32.Build.0 = Release|Win32
		{39346552-0E0A-423D-B36D-4FD1CE90ACD0}.Debug|Win32.ActiveCfg = Debug|Win32
		{39346552-0E0A-423D-B36D-4FD1CE90ACD0}.Debug|Win32.Build.0 = Debug|Win32
		{39346552-0E0A-423D-B36D-4FD1CE90ACD0}.Release|Win32.ActiveCfg = Release|Win32
		{39346552-0E0A-423D-B36D-4FD1CE90ACD0}.Release|Win32.Build.0 = Release|Win32
		{EB007618-F010-4400-A489-81EB1DF2C347}.Debug|Win32.ActiveCfg = Debug|Win32
		{EB007618-F010-4400-A489-81EB1DF2C347}.Debug|Win32.Build.0 = Debug|Win32
		{EB007618-F010-4400-A489-81EB1DF2C347}.Release|Win32.ActiveCfg = Release|Win32
		{EB007618-F010-4400-A489-81EB1DF2C347}.Release|Win32.Build.0 = Release|Win32
		{B2E1F3C5-F57E-4611-87E0-4F6AD2096DF4}.Debug|Win32.ActiveCfg = Debug|Win32
		{B2E1F3C5-F57E-4611-87E0-4F6AD2096DF4}.Debug|Win32.Build.0 = Debug|Win32
		{B2E1F3C5-F57E-4611-87E0-4F6AD2096DF4}.Release|Win32.ActiveCfg = Release|Win32
		{B2E1F3C5-F57E-4611-87E0-4F6AD2096DF4}.Release|Win32.Build.0 = Release|Win32
		{E7BDCB55-D248-4783-ADCC-6CB8D1B87F42}.Debug|Win32.ActiveCfg = Debug|Win32
		{E7BDCB55-D248-4783-ADCC-6CB8D1B87F42}.Debug|Win32.Build.0 = Debug|Win32
		{E7BDCB55-D248-4783-ADCC-6CB8D1B87F42}.Release|Win32.ActiveCfg = Release|Win32
		{E7BDCB55-D248-4783-ADCC-6CB8D1B87F42}.Release|Win32.Build.0 = Release|Win32
		{7C68ECBB-B2DD-4406-8230-8CC461D17F46}.Debug|Win32.ActiveCfg = Debug|Win32
		{7C68ECBB-B2DD-4406-8230-8CC461D17F46}.Debug|Win32.Build.0 = Debug|Win32
		{7C68ECBB-B2DD-4406-8230-8CC461D17F46}.Release|Win32.ActiveCfg = Release|Win32
		{7C68ECBB-B2DD-4406-8230-8CC461D17F46}.Release|Win32.Build.0 = Release|Win32
		{4926C809-27FE-4536-94D2-0F360A1BA7F6}.Debug|Win32.ActiveCfg = Debug|Win32
		{4926C809-27FE-4536-94D2-0F360A1BA7F6}.Debug|Win32.Build.0 = Debug|Win32
		{4926C809-27FE-4536-94D2-0F360A1BA7F6}.Release|Win32.ActiveCfg = Release|Win32
		{4926C809-27FE-4536-94D2-0F360A1BA7F6}.Release|Win32.Build.0 = Release|Win32
		{725B5864-8C1F-46D5-A855-180BB00310C1}.Debug|Win32.ActiveCfg = Debug|Win32
		{725B5864-8C1F-46D5-A855-180BB00310C1}.Debug|Win32.Build.0 = Debug|Win32
		{725B5864-8C1F-46D5-A855-180BB00310C1}.Release|Win32.ActiveCfg = Release|Win32
		{725B5864-8C1F-46D5-A855-180BB00310C1}.Release|Win32.Build.0 = Release|Win32
		{563249CE-3FE7-4C53-970A-DB47A0C4E5CF}.Debug|Win32.ActiveCfg = Debug|Win32
		{563249CE-3FE7-4C53-970A-DB47A0C4E5CF}.Debug|Win32.Build.0 = Debug|Win32
		{563249CE-3FE7-4C53-970A-DB47A0C4E5CF}.Release|Win32.ActiveCfg = Release|Win32
		{563249CE-3FE7-4C53-970A-DB47A0C4E5CF}.Release|Win32.Build.0 = Release|Win32
		{BEE4AE55-A15A-462E-AB08-42B72E8D7F02}.Debug|Win32.ActiveCfg = Debug|Win32
		{BEE4AE55-A15A-462E-AB08-42B72E8D7F02}.Debug|Win32.Build.0 = Debug|Win32
		{BEE4AE55-A15A-462E-AB08-42B72E8D7F02}.Release|Win32.ActiveCfg = Release|Win32
		{BEE4AE55-A15A-462E-AB08-42B72E8D7F02}.Release|Win32.Build.0 = Release|Win32
	EndGlobalSection
	GlobalSection(SolutionProperties) = preSolution
		HideSolutionNode = FALSE
	EndGlobalSection
EndGlobal
