
Microsoft Visual Studio Solution File, Format Version 12.00
# Visual Studio 2013
VisualStudioVersion = 12.0.40629.0
MinimumVisualStudioVersion = 10.0.40219.1
Project("{8BC9CEB8-8B4A-11D0-8D11-00A0C91BC942}") = "11-散列1 电话聊天狂人", "11-散列1 电话聊天狂人\11-散列1 电话聊天狂人.vcxproj", "{9DFFEBCD-B4EB-4B29-AEDE-17D19B5A4C89}"
EndProject
Project("{8BC9CEB8-8B4A-11D0-8D11-00A0C91BC942}") = "01-复杂度1 最大子列和问题", "01-复杂度1 最大子列和问题\01-复杂度1 最大子列和问题.vcxproj", "{38D04E91-3AB8-4105-AE2D-7A60EB9A08B0}"
EndProject
Project("{8BC9CEB8-8B4A-11D0-8D11-00A0C91BC942}") = "01-复杂度2 Maximum Subsequence Sum", "01-复杂度2 Maximum Subsequence Sum\01-复杂度2 Maximum Subsequence Sum.vcxproj", "{D6A7991C-76C5-43EC-9F28-1CBD6C8B2015}"
EndProject
Project("{8BC9CEB8-8B4A-11D0-8D11-00A0C91BC942}") = "02-线性结构1 一元多项式的乘法与加法运算", "02-线性结构1 一元多项式的乘法与加法运算\02-线性结构1 一元多项式的乘法与加法运算.vcxproj", "{84BF8DCB-B6A7-4E1B-AA1E-7CCE9488CFE4}"
EndProject
Project("{8BC9CEB8-8B4A-11D0-8D11-00A0C91BC942}") = "02-线性结构2 Reversing Linked List", "02-线性结构2 Reversing Linked List\02-线性结构2 Reversing Linked List.vcxproj", "{D833D20C-8C5E-4B25-8332-028A11D3429A}"
EndProject
Project("{8BC9CEB8-8B4A-11D0-8D11-00A0C91BC942}") = "02-线性结构3 Pop Sequence", "02-线性结构3 Pop Sequence\02-线性结构3 Pop Sequence.vcxproj", "{8DCA6168-B35F-42A3-A058-C916A9A4C9AB}"
EndProject
Project("{8BC9CEB8-8B4A-11D0-8D11-00A0C91BC942}") = "03-树1 树的同构", "03-树1 树的同构\03-树1 树的同构.vcxproj", "{039679AA-2522-45D2-B02B-BD1E20EA7BBE}"
EndProject
Project("{8BC9CEB8-8B4A-11D0-8D11-00A0C91BC942}") = "03-树2 List Leaves", "03-树2 List Leaves\03-树2 List Leaves.vcxproj", "{5D4F77CD-C9A5-465F-936D-9AE65D34BBFB}"
EndProject
Project("{8BC9CEB8-8B4A-11D0-8D11-00A0C91BC942}") = "03-树3 Tree Traversals Again", "03-树3 Tree Traversals Again\03-树3 Tree Traversals Again.vcxproj", "{E8777A0C-D2BF-44D4-B279-B82D0618A602}"
EndProject
Project("{8BC9CEB8-8B4A-11D0-8D11-00A0C91BC942}") = "04-树4 是否同一棵二叉搜索树", "04-树4 是否同一棵二叉搜索树\04-树4 是否同一棵二叉搜索树.vcxproj", "{18A6E749-BE59-494B-807D-13B4E82BF721}"
EndProject
Project("{8BC9CEB8-8B4A-11D0-8D11-00A0C91BC942}") = "04-树5 Root of AVL Tree", "04-树5 Root of AVL Tree\04-树5 Root of AVL Tree.vcxproj", "{585FA5D0-172D-409A-849F-52AA02EF4EB1}"
EndProject
Project("{8BC9CEB8-8B4A-11D0-8D11-00A0C91BC942}") = "04-树6 Complete Binary Search Tree", "04-树6 Complete Binary Search Tree\04-树6 Complete Binary Search Tree.vcxproj", "{75789241-0432-47C0-B053-C2C4F703BBA2}"
EndProject
Project("{8BC9CEB8-8B4A-11D0-8D11-00A0C91BC942}") = "05-树7 堆中的路径", "05-树7 堆中的路径\05-树7 堆中的路径.vcxproj", "{DD8DFEA9-27E1-4E28-AFFA-41D4660D31C3}"
EndProject
Project("{8BC9CEB8-8B4A-11D0-8D11-00A0C91BC942}") = "05-树8 File Transfer", "05-树8 File Transfer\05-树8 File Transfer.vcxproj", "{6671AB4A-B76D-4CB8-BB2D-42DBC7650BD9}"
EndProject
Project("{8BC9CEB8-8B4A-11D0-8D11-00A0C91BC942}") = "05-树9 Huffman Codes", "05-树9 Huffman Codes\05-树9 Huffman Codes.vcxproj", "{7D267192-15F0-4A2C-8E35-A8EFFF8984BA}"
EndProject
Project("{8BC9CEB8-8B4A-11D0-8D11-00A0C91BC942}") = "06-图1 列出连通集", "06-图1 列出连通集\06-图1 列出连通集.vcxproj", "{12000D40-F171-4AAC-9893-2E8DCD0DCD3E}"
EndProject
Project("{8BC9CEB8-8B4A-11D0-8D11-00A0C91BC942}") = "06-图2 Saving James Bond - Easy Version", "06-图2 Saving James Bond - Easy Version\06-图2 Saving James Bond - Easy Version.vcxproj", "{8691B6D8-4903-49DF-B43E-0F4163D31011}"
EndProject
Project("{8BC9CEB8-8B4A-11D0-8D11-00A0C91BC942}") = "06-图3 六度空间", "06-图3 六度空间\06-图3 六度空间.vcxproj", "{3168410E-1BD3-4B9A-ADE4-5035CCDF3DDD}"
EndProject
Project("{8BC9CEB8-8B4A-11D0-8D11-00A0C91BC942}") = "07-图4 哈利·波特的考试", "07-图4 哈利·波特的考试\07-图4 哈利·波特的考试.vcxproj", "{60989CD9-1EB0-4AD2-BE05-BABA9C3EFCBD}"
EndProject
Project("{8BC9CEB8-8B4A-11D0-8D11-00A0C91BC942}") = "07-图5 Saving James Bond - Hard Version", "07-图5 Saving James Bond - Hard Version\07-图5 Saving James Bond - Hard Version.vcxproj", "{97CC07FB-DF79-498D-B5BF-48FA53B803E9}"
EndProject
Project("{8BC9CEB8-8B4A-11D0-8D11-00A0C91BC942}") = "07-图6 旅游规划", "07-图6 旅游规划\07-图6 旅游规划.vcxproj", "{9862BE7D-3A78-4252-A18D-33E35A3DE11A}"
EndProject
Project("{8BC9CEB8-8B4A-11D0-8D11-00A0C91BC942}") = "08-图7 公路村村通", "08-图7 公路村村通\08-图7 公路村村通.vcxproj", "{74A2E838-37E3-4F1D-A02B-86E002812624}"
EndProject
Project("{8BC9CEB8-8B4A-11D0-8D11-00A0C91BC942}") = "08-图8 How Long Does It Take", "08-图8 How Long Does It Take\08-图8 How Long Does It Take.vcxproj", "{64A09824-08EB-4961-BEC7-0CB02C2710E5}"
EndProject
Project("{8BC9CEB8-8B4A-11D0-8D11-00A0C91BC942}") = "08-图9 关键活动", "08-图9 关键活动\08-图9 关键活动.vcxproj", "{F4000F16-7FE7-4BFA-AE21-99B2B40D42CB}"
EndProject
Project("{8BC9CEB8-8B4A-11D0-8D11-00A0C91BC942}") = "09-排序1 排序", "09-排序1 排序\09-排序1 排序.vcxproj", "{8B2CE2EE-F398-4133-A299-517975C653BA}"
EndProject
Project("{8BC9CEB8-8B4A-11D0-8D11-00A0C91BC942}") = "09-排序2 Insert or Merge", "09-排序2 Insert or Merge\09-排序2 Insert or Merge.vcxproj", "{1466E534-9A24-4485-8BA6-E0820EECDB72}"
EndProject
Project("{8BC9CEB8-8B4A-11D0-8D11-00A0C91BC942}") = "09-排序3 Insertion or Heap Sort", "09-排序3 Insertion or Heap Sort\09-排序3 Insertion or Heap Sort.vcxproj", "{90FA6BE6-5DD2-4BA8-A8BA-B217229BC414}"
EndProject
Project("{8BC9CEB8-8B4A-11D0-8D11-00A0C91BC942}") = "10-排序4 统计工龄", "10-排序4 统计工龄\10-排序4 统计工龄.vcxproj", "{8993A9CE-8795-4BE7-95BE-70DCA3B08240}"
EndProject
Project("{8BC9CEB8-8B4A-11D0-8D11-00A0C91BC942}") = "10-排序5 PAT Judge", "10-排序5 PAT Judge\10-排序5 PAT Judge.vcxproj", "{12D750B9-11F7-4C36-AB5D-E0D6A69EBC29}"
EndProject
Project("{8BC9CEB8-8B4A-11D0-8D11-00A0C91BC942}") = "10-排序6 Sort with Swap(0, i)", "10-排序6 Sort with Swap(0, i)\10-排序6 Sort with Swap(0, i).vcxproj", "{F797089D-AC75-42F0-80D0-43D38EB89B45}"
EndProject
Project("{8BC9CEB8-8B4A-11D0-8D11-00A0C91BC942}") = "11-散列2 Hashing", "11-散列2 Hashing\11-散列2 Hashing.vcxproj", "{FEA49D2E-9B00-4EF1-98EC-437B2761220B}"
EndProject
Project("{8BC9CEB8-8B4A-11D0-8D11-00A0C91BC942}") = "11-散列3 QQ帐户的申请与登陆", "11-散列3 QQ帐户的申请与登陆\11-散列3 QQ帐户的申请与登陆.vcxproj", "{8BD85C9A-3315-4BC6-9FE3-6797FDB46F00}"
EndProject
Project("{8BC9CEB8-8B4A-11D0-8D11-00A0C91BC942}") = "11-散列4 Hashing - Hard Version", "11-散列4 Hashing - Hard Version\11-散列4 Hashing - Hard Version.vcxproj", "{B4DFC291-2D32-4039-B00B-F58A8D2B7C05}"
EndProject
Global
	GlobalSection(SolutionConfigurationPlatforms) = preSolution
		Debug|Win32 = Debug|Win32
		Release|Win32 = Release|Win32
	EndGlobalSection
	GlobalSection(ProjectConfigurationPlatforms) = postSolution
		{9DFFEBCD-B4EB-4B29-AEDE-17D19B5A4C89}.Debug|Win32.ActiveCfg = Debug|Win32
		{9DFFEBCD-B4EB-4B29-AEDE-17D19B5A4C89}.Debug|Win32.Build.0 = Debug|Win32
		{9DFFEBCD-B4EB-4B29-AEDE-17D19B5A4C89}.Release|Win32.ActiveCfg = Release|Win32
		{9DFFEBCD-B4EB-4B29-AEDE-17D19B5A4C89}.Release|Win32.Build.0 = Release|Win32
		{38D04E91-3AB8-4105-AE2D-7A60EB9A08B0}.Debug|Win32.ActiveCfg = Debug|Win32
		{38D04E91-3AB8-4105-AE2D-7A60EB9A08B0}.Debug|Win32.Build.0 = Debug|Win32
		{38D04E91-3AB8-4105-AE2D-7A60EB9A08B0}.Release|Win32.ActiveCfg = Release|Win32
		{38D04E91-3AB8-4105-AE2D-7A60EB9A08B0}.Release|Win32.Build.0 = Release|Win32
		{D6A7991C-76C5-43EC-9F28-1CBD6C8B2015}.Debug|Win32.ActiveCfg = Debug|Win32
		{D6A7991C-76C5-43EC-9F28-1CBD6C8B2015}.Debug|Win32.Build.0 = Debug|Win32
		{D6A7991C-76C5-43EC-9F28-1CBD6C8B2015}.Release|Win32.ActiveCfg = Release|Win32
		{D6A7991C-76C5-43EC-9F28-1CBD6C8B2015}.Release|Win32.Build.0 = Release|Win32
		{84BF8DCB-B6A7-4E1B-AA1E-7CCE9488CFE4}.Debug|Win32.ActiveCfg = Debug|Win32
		{84BF8DCB-B6A7-4E1B-AA1E-7CCE9488CFE4}.Debug|Win32.Build.0 = Debug|Win32
		{84BF8DCB-B6A7-4E1B-AA1E-7CCE9488CFE4}.Release|Win32.ActiveCfg = Release|Win32
		{84BF8DCB-B6A7-4E1B-AA1E-7CCE9488CFE4}.Release|Win32.Build.0 = Release|Win32
		{D833D20C-8C5E-4B25-8332-028A11D3429A}.Debug|Win32.ActiveCfg = Debug|Win32
		{D833D20C-8C5E-4B25-8332-028A11D3429A}.Debug|Win32.Build.0 = Debug|Win32
		{D833D20C-8C5E-4B25-8332-028A11D3429A}.Release|Win32.ActiveCfg = Release|Win32
		{D833D20C-8C5E-4B25-8332-028A11D3429A}.Release|Win32.Build.0 = Release|Win32
		{8DCA6168-B35F-42A3-A058-C916A9A4C9AB}.Debug|Win32.ActiveCfg = Debug|Win32
		{8DCA6168-B35F-42A3-A058-C916A9A4C9AB}.Debug|Win32.Build.0 = Debug|Win32
		{8DCA6168-B35F-42A3-A058-C916A9A4C9AB}.Release|Win32.ActiveCfg = Release|Win32
		{8DCA6168-B35F-42A3-A058-C916A9A4C9AB}.Release|Win32.Build.0 = Release|Win32
		{039679AA-2522-45D2-B02B-BD1E20EA7BBE}.Debug|Win32.ActiveCfg = Debug|Win32
		{039679AA-2522-45D2-B02B-BD1E20EA7BBE}.Debug|Win32.Build.0 = Debug|Win32
		{039679AA-2522-45D2-B02B-BD1E20EA7BBE}.Release|Win32.ActiveCfg = Release|Win32
		{039679AA-2522-45D2-B02B-BD1E20EA7BBE}.Release|Win32.Build.0 = Release|Win32
		{5D4F77CD-C9A5-465F-936D-9AE65D34BBFB}.Debug|Win32.ActiveCfg = Debug|Win32
		{5D4F77CD-C9A5-465F-936D-9AE65D34BBFB}.Debug|Win32.Build.0 = Debug|Win32
		{5D4F77CD-C9A5-465F-936D-9AE65D34BBFB}.Release|Win32.ActiveCfg = Release|Win32
		{5D4F77CD-C9A5-465F-936D-9AE65D34BBFB}.Release|Win32.Build.0 = Release|Win32
		{E8777A0C-D2BF-44D4-B279-B82D0618A602}.Debug|Win32.ActiveCfg = Debug|Win32
		{E8777A0C-D2BF-44D4-B279-B82D0618A602}.Debug|Win32.Build.0 = Debug|Win32
		{E8777A0C-D2BF-44D4-B279-B82D0618A602}.Release|Win32.ActiveCfg = Release|Win32
		{E8777A0C-D2BF-44D4-B279-B82D0618A602}.Release|Win32.Build.0 = Release|Win32
		{18A6E749-BE59-494B-807D-13B4E82BF721}.Debug|Win32.ActiveCfg = Debug|Win32
		{18A6E749-BE59-494B-807D-13B4E82BF721}.Debug|Win32.Build.0 = Debug|Win32
		{18A6E749-BE59-494B-807D-13B4E82BF721}.Release|Win32.ActiveCfg = Release|Win32
		{18A6E749-BE59-494B-807D-13B4E82BF721}.Release|Win32.Build.0 = Release|Win32
		{585FA5D0-172D-409A-849F-52AA02EF4EB1}.Debug|Win32.ActiveCfg = Debug|Win32
		{585FA5D0-172D-409A-849F-52AA02EF4EB1}.Debug|Win32.Build.0 = Debug|Win32
		{585FA5D0-172D-409A-849F-52AA02EF4EB1}.Release|Win32.ActiveCfg = Release|Win32
		{585FA5D0-172D-409A-849F-52AA02EF4EB1}.Release|Win32.Build.0 = Release|Win32
		{75789241-0432-47C0-B053-C2C4F703BBA2}.Debug|Win32.ActiveCfg = Debug|Win32
		{75789241-0432-47C0-B053-C2C4F703BBA2}.Debug|Win32.Build.0 = Debug|Win32
		{75789241-0432-47C0-B053-C2C4F703BBA2}.Release|Win32.ActiveCfg = Release|Win32
		{75789241-0432-47C0-B053-C2C4F703BBA2}.Release|Win32.Build.0 = Release|Win32
		{DD8DFEA9-27E1-4E28-AFFA-41D4660D31C3}.Debug|Win32.ActiveCfg = Debug|Win32
		{DD8DFEA9-27E1-4E28-AFFA-41D4660D31C3}.Debug|Win32.Build.0 = Debug|Win32
		{DD8DFEA9-27E1-4E28-AFFA-41D4660D31C3}.Release|Win32.ActiveCfg = Release|Win32
		{DD8DFEA9-27E1-4E28-AFFA-41D4660D31C3}.Release|Win32.Build.0 = Release|Win32
		{6671AB4A-B76D-4CB8-BB2D-42DBC7650BD9}.Debug|Win32.ActiveCfg = Debug|Win32
		{6671AB4A-B76D-4CB8-BB2D-42DBC7650BD9}.Debug|Win32.Build.0 = Debug|Win32
		{6671AB4A-B76D-4CB8-BB2D-42DBC7650BD9}.Release|Win32.ActiveCfg = Release|Win32
		{6671AB4A-B76D-4CB8-BB2D-42DBC7650BD9}.Release|Win32.Build.0 = Release|Win32
		{7D267192-15F0-4A2C-8E35-A8EFFF8984BA}.Debug|Win32.ActiveCfg = Debug|Win32
		{7D267192-15F0-4A2C-8E35-A8EFFF8984BA}.Debug|Win32.Build.0 = Debug|Win32
		{7D267192-15F0-4A2C-8E35-A8EFFF8984BA}.Release|Win32.ActiveCfg = Release|Win32
		{7D267192-15F0-4A2C-8E35-A8EFFF8984BA}.Release|Win32.Build.0 = Release|Win32
		{12000D40-F171-4AAC-9893-2E8DCD0DCD3E}.Debug|Win32.ActiveCfg = Debug|Win32
		{12000D40-F171-4AAC-9893-2E8DCD0DCD3E}.Debug|Win32.Build.0 = Debug|Win32
		{12000D40-F171-4AAC-9893-2E8DCD0DCD3E}.Release|Win32.ActiveCfg = Release|Win32
		{12000D40-F171-4AAC-9893-2E8DCD0DCD3E}.Release|Win32.Build.0 = Release|Win32
		{8691B6D8-4903-49DF-B43E-0F4163D31011}.Debug|Win32.ActiveCfg = Debug|Win32
		{8691B6D8-4903-49DF-B43E-0F4163D31011}.Debug|Win32.Build.0 = Debug|Win32
		{8691B6D8-4903-49DF-B43E-0F4163D31011}.Release|Win32.ActiveCfg = Release|Win32
		{8691B6D8-4903-49DF-B43E-0F4163D31011}.Release|Win32.Build.0 = Release|Win32
		{3168410E-1BD3-4B9A-ADE4-5035CCDF3DDD}.Debug|Win32.ActiveCfg = Debug|Win32
		{3168410E-1BD3-4B9A-ADE4-5035CCDF3DDD}.Debug|Win32.Build.0 = Debug|Win32
		{3168410E-1BD3-4B9A-ADE4-5035CCDF3DDD}.Release|Win32.ActiveCfg = Release|Win32
		{3168410E-1BD3-4B9A-ADE4-5035CCDF3DDD}.Release|Win32.Build.0 = Release|Win32
		{60989CD9-1EB0-4AD2-BE05-BABA9C3EFCBD}.Debug|Win32.ActiveCfg = Debug|Win32
		{60989CD9-1EB0-4AD2-BE05-BABA9C3EFCBD}.Debug|Win32.Build.0 = Debug|Win32
		{60989CD9-1EB0-4AD2-BE05-BABA9C3EFCBD}.Release|Win32.ActiveCfg = Release|Win32
		{60989CD9-1EB0-4AD2-BE05-BABA9C3EFCBD}.Release|Win32.Build.0 = Release|Win32
		{97CC07FB-DF79-498D-B5BF-48FA53B803E9}.Debug|Win32.ActiveCfg = Debug|Win32
		{97CC07FB-DF79-498D-B5BF-48FA53B803E9}.Debug|Win32.Build.0 = Debug|Win32
		{97CC07FB-DF79-498D-B5BF-48FA53B803E9}.Release|Win32.ActiveCfg = Release|Win32
		{97CC07FB-DF79-498D-B5BF-48FA53B803E9}.Release|Win32.Build.0 = Release|Win32
		{9862BE7D-3A78-4252-A18D-33E35A3DE11A}.Debug|Win32.ActiveCfg = Debug|Win32
		{9862BE7D-3A78-4252-A18D-33E35A3DE11A}.Debug|Win32.Build.0 = Debug|Win32
		{9862BE7D-3A78-4252-A18D-33E35A3DE11A}.Release|Win32.ActiveCfg = Release|Win32
		{9862BE7D-3A78-4252-A18D-33E35A3DE11A}.Release|Win32.Build.0 = Release|Win32
		{74A2E838-37E3-4F1D-A02B-86E002812624}.Debug|Win32.ActiveCfg = Debug|Win32
		{74A2E838-37E3-4F1D-A02B-86E002812624}.Debug|Win32.Build.0 = Debug|Win32
		{74A2E838-37E3-4F1D-A02B-86E002812624}.Release|Win32.ActiveCfg = Release|Win32
		{74A2E838-37E3-4F1D-A02B-86E002812624}.Release|Win32.Build.0 = Release|Win32
		{64A09824-08EB-4961-BEC7-0CB02C2710E5}.Debug|Win32.ActiveCfg = Debug|Win32
		{64A09824-08EB-4961-BEC7-0CB02C2710E5}.Debug|Win32.Build.0 = Debug|Win32
		{64A09824-08EB-4961-BEC7-0CB02C2710E5}.Release|Win32.ActiveCfg = Release|Win32
		{64A09824-08EB-4961-BEC7-0CB02C2710E5}.Release|Win32.Build.0 = Release|Win32
		{F4000F16-7FE7-4BFA-AE21-99B2B40D42CB}.Debug|Win32.ActiveCfg = Debug|Win32
		{F4000F16-7FE7-4BFA-AE21-99B2B40D42CB}.Debug|Win32.Build.0 = Debug|Win32
		{F4000F16-7FE7-4BFA-AE21-99B2B40D42CB}.Release|Win32.ActiveCfg = Release|Win32
		{F4000F16-7FE7-4BFA-AE21-99B2B40D42CB}.Release|Win32.Build.0 = Release|Win32
		{8B2CE2EE-F398-4133-A299-517975C653BA}.Debug|Win32.ActiveCfg = Debug|Win32
		{8B2CE2EE-F398-4133-A299-517975C653BA}.Debug|Win32.Build.0 = Debug|Win32
		{8B2CE2EE-F398-4133-A299-517975C653BA}.Release|Win32.ActiveCfg = Release|Win32
		{8B2CE2EE-F398-4133-A299-517975C653BA}.Release|Win32.Build.0 = Release|Win32
		{1466E534-9A24-4485-8BA6-E0820EECDB72}.Debug|Win32.ActiveCfg = Debug|Win32
		{1466E534-9A24-4485-8BA6-E0820EECDB72}.Debug|Win32.Build.0 = Debug|Win32
		{1466E534-9A24-4485-8BA6-E0820EECDB72}.Release|Win32.ActiveCfg = Release|Win32
		{1466E534-9A24-4485-8BA6-E0820EECDB72}.Release|Win32.Build.0 = Release|Win32
		{90FA6BE6-5DD2-4BA8-A8BA-B217229BC414}.Debug|Win32.ActiveCfg = Debug|Win32
		{90FA6BE6-5DD2-4BA8-A8BA-B217229BC414}.Debug|Win32.Build.0 = Debug|Win32
		{90FA6BE6-5DD2-4BA8-A8BA-B217229BC414}.Release|Win32.ActiveCfg = Release|Win32
		{90FA6BE6-5DD2-4BA8-A8BA-B217229BC414}.Release|Win32.Build.0 = Release|Win32
		{8993A9CE-8795-4BE7-95BE-70DCA3B08240}.Debug|Win32.ActiveCfg = Debug|Win32
		{8993A9CE-8795-4BE7-95BE-70DCA3B08240}.Debug|Win32.Build.0 = Debug|Win32
		{8993A9CE-8795-4BE7-95BE-70DCA3B08240}.Release|Win32.ActiveCfg = Release|Win32
		{8993A9CE-8795-4BE7-95BE-70DCA3B08240}.Release|Win32.Build.0 = Release|Win32
		{12D750B9-11F7-4C36-AB5D-E0D6A69EBC29}.Debug|Win32.ActiveCfg = Debug|Win32
		{12D750B9-11F7-4C36-AB5D-E0D6A69EBC29}.Debug|Win32.Build.0 = Debug|Win32
		{12D750B9-11F7-4C36-AB5D-E0D6A69EBC29}.Release|Win32.ActiveCfg = Release|Win32
		{12D750B9-11F7-4C36-AB5D-E0D6A69EBC29}.Release|Win32.Build.0 = Release|Win32
		{F797089D-AC75-42F0-80D0-43D38EB89B45}.Debug|Win32.ActiveCfg = Debug|Win32
		{F797089D-AC75-42F0-80D0-43D38EB89B45}.Debug|Win32.Build.0 = Debug|Win32
		{F797089D-AC75-42F0-80D0-43D38EB89B45}.Release|Win32.ActiveCfg = Release|Win32
		{F797089D-AC75-42F0-80D0-43D38EB89B45}.Release|Win32.Build.0 = Release|Win32
		{FEA49D2E-9B00-4EF1-98EC-437B2761220B}.Debug|Win32.ActiveCfg = Debug|Win32
		{FEA49D2E-9B00-4EF1-98EC-437B2761220B}.Debug|Win32.Build.0 = Debug|Win32
		{FEA49D2E-9B00-4EF1-98EC-437B2761220B}.Release|Win32.ActiveCfg = Release|Win32
		{FEA49D2E-9B00-4EF1-98EC-437B2761220B}.Release|Win32.Build.0 = Release|Win32
		{8BD85C9A-3315-4BC6-9FE3-6797FDB46F00}.Debug|Win32.ActiveCfg = Debug|Win32
		{8BD85C9A-3315-4BC6-9FE3-6797FDB46F00}.Debug|Win32.Build.0 = Debug|Win32
		{8BD85C9A-3315-4BC6-9FE3-6797FDB46F00}.Release|Win32.ActiveCfg = Release|Win32
		{8BD85C9A-3315-4BC6-9FE3-6797FDB46F00}.Release|Win32.Build.0 = Release|Win32
		{B4DFC291-2D32-4039-B00B-F58A8D2B7C05}.Debug|Win32.ActiveCfg = Debug|Win32
		{B4DFC291-2D32-4039-B00B-F58A8D2B7C05}.Debug|Win32.Build.0 = Debug|Win32
		{B4DFC291-2D32-4039-B00B-F58A8D2B7C05}.Release|Win32.ActiveCfg = Release|Win32
		{B4DFC291-2D32-4039-B00B-F58A8D2B7C05}.Release|Win32.Build.0 = Release|Win32
	EndGlobalSection
	GlobalSection(SolutionProperties) = preSolution
		HideSolutionNode = FALSE
	EndGlobalSection
EndGlobal
